
Microsoft Visual Studio Solution File, Format Version 12.00
# Visual Studio Version 17
VisualStudioVersion = 17.8.34511.84
MinimumVisualStudioVersion = 10.0.40219.1
Project("{FAE04EC0-301F-11D3-BF4B-00C04F79EFBC}") = "baitap04", "baitap04\baitap04.csproj", "{3A4B9D20-7F1A-49C6-B87A-4F0664C97FFE}"
EndProject
Global
	GlobalSection(SolutionConfigurationPlatforms) = preSolution
		Debug|Any CPU = Debug|Any CPU
		Release|Any CPU = Release|Any CPU
	EndGlobalSection
	GlobalSection(ProjectConfigurationPlatforms) = postSolution
		{3A4B9D20-7F1A-49C6-B87A-4F0664C97FFE}.Debug|Any CPU.ActiveCfg = Debug|Any CPU
		{3A4B9D20-7F1A-49C6-B87A-4F0664C97FFE}.Debug|Any CPU.Build.0 = Debug|Any CPU
		{3A4B9D20-7F1A-49C6-B87A-4F0664C97FFE}.Release|Any CPU.ActiveCfg = Release|Any CPU
		{3A4B9D20-7F1A-49C6-B87A-4F0664C97FFE}.Release|Any CPU.Build.0 = Release|Any CPU
	EndGlobalSection
	GlobalSection(SolutionProperties) = preSolution
		HideSolutionNode = FALSE
	EndGlobalSection
	GlobalSection(ExtensibilityGlobals) = postSolution
		SolutionGuid = {05E83128-4A74-4CDE-860E-B9B9BBEFCD2C}
	EndGlobalSection
EndGlobal
